
Microsoft Visual Studio Solution File, Format Version 12.00
# Visual Studio Version 17
VisualStudioVersion = 17.12.35527.113 d17.12
MinimumVisualStudioVersion = 10.0.40219.1
Project("{FAE04EC0-301F-11D3-BF4B-00C04F79EFBC}") = "CleanArchitecture", "CleanArchitecture\CleanArchitecture.csproj", "{6987A1A8-6CE8-42F0-A721-719853B08AFB}"
EndProject
Project("{FAE04EC0-301F-11D3-BF4B-00C04F79EFBC}") = "Domain", "Domain\Domain.csproj", "{4034619A-54BA-4635-9FDB-CB5C8C0935E3}"
EndProject
Project("{FAE04EC0-301F-11D3-BF4B-00C04F79EFBC}") = "Application", "Application\Application.csproj", "{55C24685-1636-41A9-A482-29E5D16F15D7}"
EndProject
Project("{FAE04EC0-301F-11D3-BF4B-00C04F79EFBC}") = "Infrastructure", "Infrastructure\Infrastructure.csproj", "{51F8551A-7250-4E57-A057-8D5BDCE2DFDE}"
EndProject
Global
	GlobalSection(SolutionConfigurationPlatforms) = preSolution
		Debug|Any CPU = Debug|Any CPU
		Release|Any CPU = Release|Any CPU
	EndGlobalSection
	GlobalSection(ProjectConfigurationPlatforms) = postSolution
		{6987A1A8-6CE8-42F0-A721-719853B08AFB}.Debug|Any CPU.ActiveCfg = Debug|Any CPU
		{6987A1A8-6CE8-42F0-A721-719853B08AFB}.Debug|Any CPU.Build.0 = Debug|Any CPU
		{6987A1A8-6CE8-42F0-A721-719853B08AFB}.Release|Any CPU.ActiveCfg = Release|Any CPU
		{6987A1A8-6CE8-42F0-A721-719853B08AFB}.Release|Any CPU.Build.0 = Release|Any CPU
		{4034619A-54BA-4635-9FDB-CB5C8C0935E3}.Debug|Any CPU.ActiveCfg = Debug|Any CPU
		{4034619A-54BA-4635-9FDB-CB5C8C0935E3}.Debug|Any CPU.Build.0 = Debug|Any CPU
		{4034619A-54BA-4635-9FDB-CB5C8C0935E3}.Release|Any CPU.ActiveCfg = Release|Any CPU
		{4034619A-54BA-4635-9FDB-CB5C8C0935E3}.Release|Any CPU.Build.0 = Release|Any CPU
		{55C24685-1636-41A9-A482-29E5D16F15D7}.Debug|Any CPU.ActiveCfg = Debug|Any CPU
		{55C24685-1636-41A9-A482-29E5D16F15D7}.Debug|Any CPU.Build.0 = Debug|Any CPU
		{55C24685-1636-41A9-A482-29E5D16F15D7}.Release|Any CPU.ActiveCfg = Release|Any CPU
		{55C24685-1636-41A9-A482-29E5D16F15D7}.Release|Any CPU.Build.0 = Release|Any CPU
		{51F8551A-7250-4E57-A057-8D5BDCE2DFDE}.Debug|Any CPU.ActiveCfg = Debug|Any CPU
		{51F8551A-7250-4E57-A057-8D5BDCE2DFDE}.Debug|Any CPU.Build.0 = Debug|Any CPU
		{51F8551A-7250-4E57-A057-8D5BDCE2DFDE}.Release|Any CPU.ActiveCfg = Release|Any CPU
		{51F8551A-7250-4E57-A057-8D5BDCE2DFDE}.Release|Any CPU.Build.0 = Release|Any CPU
	EndGlobalSection
	GlobalSection(SolutionProperties) = preSolution
		HideSolutionNode = FALSE
	EndGlobalSection
EndGlobal
